{
  "name": "vite-elm-template",
  "version": "1.1.2",
  "lockfileVersion": 2,
  "requires": true,
  "packages": {
    "": {
      "name": "vite-elm-template",
      "version": "1.1.2",
      "hasInstallScript": true,
      "license": "MIT",
      "devDependencies": {
        "elm-tooling": "^1.7.0",
        "vite": "^2.9.0",
        "vite-plugin-elm": "^2.5.2"
      }
    },
    "node_modules/balanced-match": {
      "version": "1.0.2",
      "resolved": "https://registry.npmjs.org/balanced-match/-/balanced-match-1.0.2.tgz",
      "integrity": "sha512-3oSeUO0TMV67hN1AmbXsK4yaqU7tjiHlbxRDZOpH0KW9+CeX4bRAaX0Anxt0tx2MrpRpWwQaPwIlISEJhYU5Pw==",
      "dev": true
    },
    "node_modules/brace-expansion": {
      "version": "1.1.11",
      "resolved": "https://registry.npmjs.org/brace-expansion/-/brace-expansion-1.1.11.tgz",
      "integrity": "sha512-iCuPHDFgrHX7H2vEI/5xpz07zSHB00TpugqhmYtVmMO6518mCuRMoOYFldEBl0g187ufozdaHgWKcYFb61qGiA==",
      "dev": true,
      "dependencies": {
        "balanced-match": "^1.0.0",
        "concat-map": "0.0.1"
      }
    },
    "node_modules/concat-map": {
      "version": "0.0.1",
      "resolved": "https://registry.npmjs.org/concat-map/-/concat-map-0.0.1.tgz",
      "integrity": "sha1-2Klr13/Wjfd5OnMDajug1UBdR3s=",
      "dev": true
    },
    "node_modules/cross-spawn": {
      "version": "6.0.5",
      "resolved": "https://registry.npmjs.org/cross-spawn/-/cross-spawn-6.0.5.tgz",
      "integrity": "sha512-eTVLrBSt7fjbDygz805pMnstIs2VTBNkRm0qxZd+M7A5XDdxVRWO5MxGBXZhjY4cqLYLdtrGqRf8mBPmzwSpWQ==",
      "dev": true,
      "dependencies": {
        "nice-try": "^1.0.4",
        "path-key": "^2.0.1",
        "semver": "^5.5.0",
        "shebang-command": "^1.2.0",
        "which": "^1.2.9"
      },
      "engines": {
        "node": ">=4.8"
      }
    },
    "node_modules/elm-esm": {
      "version": "1.1.4",
      "resolved": "https://registry.npmjs.org/elm-esm/-/elm-esm-1.1.4.tgz",
      "integrity": "sha512-dGWDtgsdDrhn3GFl/uT6Yt5DIBgnvOmakLNl6brkoYqb7i8mQ/beHoR+emx3ux4M4sq3GpRfRvzMoiRHVcaWKw==",
      "dev": true,
      "dependencies": {
        "which": "^2.0.2"
      },
      "bin": {
        "elm-esm": "src/run.js"
      }
    },
    "node_modules/elm-esm/node_modules/which": {
      "version": "2.0.2",
      "resolved": "https://registry.npmjs.org/which/-/which-2.0.2.tgz",
      "integrity": "sha512-BLI3Tl1TW3Pvl70l3yq3Y64i+awpwXqsGBYWkkqMtnbXgrMD+yj7rhW0kuEDxzJaYXGjEW5ogapKNMEKNMjibA==",
      "dev": true,
      "dependencies": {
        "isexe": "^2.0.0"
      },
      "bin": {
        "node-which": "bin/node-which"
      },
      "engines": {
        "node": ">= 8"
      }
    },
    "node_modules/elm-tooling": {
      "version": "1.7.0",
      "resolved": "https://registry.npmjs.org/elm-tooling/-/elm-tooling-1.7.0.tgz",
      "integrity": "sha512-EHZ54voWrG3BhUONbH/wFw5U95H6N7R4QFgXHDrPIaDBDdeyNkpFu4QWArSWkhzxyCF7hqT8ya2yy7SferDsgg==",
      "dev": true,
      "bin": {
        "elm-tooling": "index.js"
      }
    },
    "node_modules/esbuild": {
      "version": "0.14.29",
      "resolved": "https://registry.npmjs.org/esbuild/-/esbuild-0.14.29.tgz",
      "integrity": "sha512-SQS8cO8xFEqevYlrHt6exIhK853Me4nZ4aMW6ieysInLa0FMAL+AKs87HYNRtR2YWRcEIqoXAHh+Ytt5/66qpg==",
      "dev": true,
      "hasInstallScript": true,
      "bin": {
        "esbuild": "bin/esbuild"
      },
      "engines": {
        "node": ">=12"
      },
      "optionalDependencies": {
        "esbuild-android-64": "0.14.29",
        "esbuild-android-arm64": "0.14.29",
        "esbuild-darwin-64": "0.14.29",
        "esbuild-darwin-arm64": "0.14.29",
        "esbuild-freebsd-64": "0.14.29",
        "esbuild-freebsd-arm64": "0.14.29",
        "esbuild-linux-32": "0.14.29",
        "esbuild-linux-64": "0.14.29",
        "esbuild-linux-arm": "0.14.29",
        "esbuild-linux-arm64": "0.14.29",
        "esbuild-linux-mips64le": "0.14.29",
        "esbuild-linux-ppc64le": "0.14.29",
        "esbuild-linux-riscv64": "0.14.29",
        "esbuild-linux-s390x": "0.14.29",
        "esbuild-netbsd-64": "0.14.29",
        "esbuild-openbsd-64": "0.14.29",
        "esbuild-sunos-64": "0.14.29",
        "esbuild-windows-32": "0.14.29",
        "esbuild-windows-64": "0.14.29",
        "esbuild-windows-arm64": "0.14.29"
      }
    },
    "node_modules/esbuild-android-64": {
      "version": "0.14.29",
      "resolved": "https://registry.npmjs.org/esbuild-android-64/-/esbuild-android-64-0.14.29.tgz",
      "integrity": "sha512-tJuaN33SVZyiHxRaVTo1pwW+rn3qetJX/SRuc/83rrKYtyZG0XfsQ1ao1nEudIt9w37ZSNXR236xEfm2C43sbw==",
      "cpu": [
        "x64"
      ],
      "dev": true,
      "optional": true,
      "os": [
        "android"
      ],
      "engines": {
        "node": ">=12"
      }
    },
    "node_modules/esbuild-android-arm64": {
      "version": "0.14.29",
      "resolved": "https://registry.npmjs.org/esbuild-android-arm64/-/esbuild-android-arm64-0.14.29.tgz",
      "integrity": "sha512-D74dCv6yYnMTlofVy1JKiLM5JdVSQd60/rQfJSDP9qvRAI0laPXIG/IXY1RG6jobmFMUfL38PbFnCqyI/6fPXg==",
      "cpu": [
        "arm64"
      ],
      "dev": true,
      "optional": true,
      "os": [
        "android"
      ],
      "engines": {
        "node": ">=12"
      }
    },
    "node_modules/esbuild-darwin-64": {
      "version": "0.14.29",
      "resolved": "https://registry.npmjs.org/esbuild-darwin-64/-/esbuild-darwin-64-0.14.29.tgz",
      "integrity": "sha512-+CJaRvfTkzs9t+CjGa0Oa28WoXa7EeLutQhxus+fFcu0MHhsBhlmeWHac3Cc/Sf/xPi1b2ccDFfzGYJCfV0RrA==",
      "cpu": [
        "x64"
      ],
      "dev": true,
      "optional": true,
      "os": [
        "darwin"
      ],
      "engines": {
        "node": ">=12"
      }
    },
    "node_modules/esbuild-darwin-arm64": {
      "version": "0.14.29",
      "resolved": "https://registry.npmjs.org/esbuild-darwin-arm64/-/esbuild-darwin-arm64-0.14.29.tgz",
      "integrity": "sha512-5Wgz/+zK+8X2ZW7vIbwoZ613Vfr4A8HmIs1XdzRmdC1kG0n5EG5fvKk/jUxhNlrYPx1gSY7XadQ3l4xAManPSw==",
      "cpu": [
        "arm64"
      ],
      "dev": true,
      "optional": true,
      "os": [
        "darwin"
      ],
      "engines": {
        "node": ">=12"
      }
    },
    "node_modules/esbuild-freebsd-64": {
      "version": "0.14.29",
      "resolved": "https://registry.npmjs.org/esbuild-freebsd-64/-/esbuild-freebsd-64-0.14.29.tgz",
      "integrity": "sha512-VTfS7Bm9QA12JK1YXF8+WyYOfvD7WMpbArtDj6bGJ5Sy5xp01c/q70Arkn596aGcGj0TvQRplaaCIrfBG1Wdtg==",
      "cpu": [
        "x64"
      ],
      "dev": true,
      "optional": true,
      "os": [
        "freebsd"
      ],
      "engines": {
        "node": ">=12"
      }
    },
    "node_modules/esbuild-freebsd-arm64": {
      "version": "0.14.29",
      "resolved": "https://registry.npmjs.org/esbuild-freebsd-arm64/-/esbuild-freebsd-arm64-0.14.29.tgz",
      "integrity": "sha512-WP5L4ejwLWWvd3Fo2J5mlXvG3zQHaw5N1KxFGnUc4+2ZFZknP0ST63i0IQhpJLgEJwnQpXv2uZlU1iWZjFqEIg==",
      "cpu": [
        "arm64"
      ],
      "dev": true,
      "optional": true,
      "os": [
        "freebsd"
      ],
      "engines": {
        "node": ">=12"
      }
    },
    "node_modules/esbuild-linux-32": {
      "version": "0.14.29",
      "resolved": "https://registry.npmjs.org/esbuild-linux-32/-/esbuild-linux-32-0.14.29.tgz",
      "integrity": "sha512-4myeOvFmQBWdI2U1dEBe2DCSpaZyjdQtmjUY11Zu2eQg4ynqLb8Y5mNjNU9UN063aVsCYYfbs8jbken/PjyidA==",
      "cpu": [
        "ia32"
      ],
      "dev": true,
      "optional": true,
      "os": [
        "linux"
      ],
      "engines": {
        "node": ">=12"
      }
    },
    "node_modules/esbuild-linux-64": {
      "version": "0.14.29",
      "resolved": "https://registry.npmjs.org/esbuild-linux-64/-/esbuild-linux-64-0.14.29.tgz",
      "integrity": "sha512-iaEuLhssReAKE7HMwxwFJFn7D/EXEs43fFy5CJeA4DGmU6JHh0qVJD2p/UP46DvUXLRKXsXw0i+kv5TdJ1w5pg==",
      "cpu": [
        "x64"
      ],
      "dev": true,
      "optional": true,
      "os": [
        "linux"
      ],
      "engines": {
        "node": ">=12"
      }
    },
    "node_modules/esbuild-linux-arm": {
      "version": "0.14.29",
      "resolved": "https://registry.npmjs.org/esbuild-linux-arm/-/esbuild-linux-arm-0.14.29.tgz",
      "integrity": "sha512-OXa9D9QL1hwrAnYYAHt/cXAuSCmoSqYfTW/0CEY0LgJNyTxJKtqc5mlwjAZAvgyjmha0auS/sQ0bXfGf2wAokQ==",
      "cpu": [
        "arm"
      ],
      "dev": true,
      "optional": true,
      "os": [
        "linux"
      ],
      "engines": {
        "node": ">=12"
      }
    },
    "node_modules/esbuild-linux-arm64": {
      "version": "0.14.29",
      "resolved": "https://registry.npmjs.org/esbuild-linux-arm64/-/esbuild-linux-arm64-0.14.29.tgz",
      "integrity": "sha512-KYf7s8wDfUy+kjKymW3twyGT14OABjGHRkm9gPJ0z4BuvqljfOOUbq9qT3JYFnZJHOgkr29atT//hcdD0Pi7Mw==",
      "cpu": [
        "arm64"
      ],
      "dev": true,
      "optional": true,
      "os": [
        "linux"
      ],
      "engines": {
        "node": ">=12"
      }
    },
    "node_modules/esbuild-linux-mips64le": {
      "version": "0.14.29",
      "resolved": "https://registry.npmjs.org/esbuild-linux-mips64le/-/esbuild-linux-mips64le-0.14.29.tgz",
      "integrity": "sha512-05jPtWQMsZ1aMGfHOvnR5KrTvigPbU35BtuItSSWLI2sJu5VrM8Pr9Owym4wPvA4153DFcOJ1EPN/2ujcDt54g==",
      "cpu": [
        "mips64el"
      ],
      "dev": true,
      "optional": true,
      "os": [
        "linux"
      ],
      "engines": {
        "node": ">=12"
      }
    },
    "node_modules/esbuild-linux-ppc64le": {
      "version": "0.14.29",
      "resolved": "https://registry.npmjs.org/esbuild-linux-ppc64le/-/esbuild-linux-ppc64le-0.14.29.tgz",
      "integrity": "sha512-FYhBqn4Ir9xG+f6B5VIQVbRuM4S6qwy29dDNYFPoxLRnwTEKToIYIUESN1qHyUmIbfO0YB4phG2JDV2JDN9Kgw==",
      "cpu": [
        "ppc64"
      ],
      "dev": true,
      "optional": true,
      "os": [
        "linux"
      ],
      "engines": {
        "node": ">=12"
      }
    },
    "node_modules/esbuild-linux-riscv64": {
      "version": "0.14.29",
      "resolved": "https://registry.npmjs.org/esbuild-linux-riscv64/-/esbuild-linux-riscv64-0.14.29.tgz",
      "integrity": "sha512-eqZMqPehkb4nZcffnuOpXJQdGURGd6GXQ4ZsDHSWyIUaA+V4FpMBe+5zMPtXRD2N4BtyzVvnBko6K8IWWr36ew==",
      "cpu": [
        "riscv64"
      ],
      "dev": true,
      "optional": true,
      "os": [
        "linux"
      ],
      "engines": {
        "node": ">=12"
      }
    },
    "node_modules/esbuild-linux-s390x": {
      "version": "0.14.29",
      "resolved": "https://registry.npmjs.org/esbuild-linux-s390x/-/esbuild-linux-s390x-0.14.29.tgz",
      "integrity": "sha512-o7EYajF1rC/4ho7kpSG3gENVx0o2SsHm7cJ5fvewWB/TEczWU7teDgusGSujxCYcMottE3zqa423VTglNTYhjg==",
      "cpu": [
        "s390x"
      ],
      "dev": true,
      "optional": true,
      "os": [
        "linux"
      ],
      "engines": {
        "node": ">=12"
      }
    },
    "node_modules/esbuild-netbsd-64": {
      "version": "0.14.29",
      "resolved": "https://registry.npmjs.org/esbuild-netbsd-64/-/esbuild-netbsd-64-0.14.29.tgz",
      "integrity": "sha512-/esN6tb6OBSot6+JxgeOZeBk6P8V/WdR3GKBFeFpSqhgw4wx7xWUqPrdx4XNpBVO7X4Ipw9SAqgBrWHlXfddww==",
      "cpu": [
        "x64"
      ],
      "dev": true,
      "optional": true,
      "os": [
        "netbsd"
      ],
      "engines": {
        "node": ">=12"
      }
    },
    "node_modules/esbuild-openbsd-64": {
      "version": "0.14.29",
      "resolved": "https://registry.npmjs.org/esbuild-openbsd-64/-/esbuild-openbsd-64-0.14.29.tgz",
      "integrity": "sha512-jUTdDzhEKrD0pLpjmk0UxwlfNJNg/D50vdwhrVcW/D26Vg0hVbthMfb19PJMatzclbK7cmgk1Nu0eNS+abzoHw==",
      "cpu": [
        "x64"
      ],
      "dev": true,
      "optional": true,
      "os": [
        "openbsd"
      ],
      "engines": {
        "node": ">=12"
      }
    },
    "node_modules/esbuild-sunos-64": {
      "version": "0.14.29",
      "resolved": "https://registry.npmjs.org/esbuild-sunos-64/-/esbuild-sunos-64-0.14.29.tgz",
      "integrity": "sha512-EfhQN/XO+TBHTbkxwsxwA7EfiTHFe+MNDfxcf0nj97moCppD9JHPq48MLtOaDcuvrTYOcrMdJVeqmmeQ7doTcg==",
      "cpu": [
        "x64"
      ],
      "dev": true,
      "optional": true,
      "os": [
        "sunos"
      ],
      "engines": {
        "node": ">=12"
      }
    },
    "node_modules/esbuild-windows-32": {
      "version": "0.14.29",
      "resolved": "https://registry.npmjs.org/esbuild-windows-32/-/esbuild-windows-32-0.14.29.tgz",
      "integrity": "sha512-uoyb0YAJ6uWH4PYuYjfGNjvgLlb5t6b3zIaGmpWPOjgpr1Nb3SJtQiK4YCPGhONgfg2v6DcJgSbOteuKXhwqAw==",
      "cpu": [
        "ia32"
      ],
      "dev": true,
      "optional": true,
      "os": [
        "win32"
      ],
      "engines": {
        "node": ">=12"
      }
    },
    "node_modules/esbuild-windows-64": {
      "version": "0.14.29",
      "resolved": "https://registry.npmjs.org/esbuild-windows-64/-/esbuild-windows-64-0.14.29.tgz",
      "integrity": "sha512-X9cW/Wl95QjsH8WUyr3NqbmfdU72jCp71cH3pwPvI4CgBM2IeOUDdbt6oIGljPu2bf5eGDIo8K3Y3vvXCCTd8A==",
      "cpu": [
        "x64"
      ],
      "dev": true,
      "optional": true,
      "os": [
        "win32"
      ],
      "engines": {
        "node": ">=12"
      }
    },
    "node_modules/esbuild-windows-arm64": {
      "version": "0.14.29",
      "resolved": "https://registry.npmjs.org/esbuild-windows-arm64/-/esbuild-windows-arm64-0.14.29.tgz",
      "integrity": "sha512-+O/PI+68fbUZPpl3eXhqGHTGK7DjLcexNnyJqtLZXOFwoAjaXlS5UBCvVcR3o2va+AqZTj8o6URaz8D2K+yfQQ==",
      "cpu": [
        "arm64"
      ],
      "dev": true,
      "optional": true,
      "os": [
        "win32"
      ],
      "engines": {
        "node": ">=12"
      }
    },
    "node_modules/find-elm-dependencies": {
      "version": "2.0.4",
      "resolved": "https://registry.npmjs.org/find-elm-dependencies/-/find-elm-dependencies-2.0.4.tgz",
      "integrity": "sha512-x/4w4fVmlD2X4PD9oQ+yh9EyaQef6OtEULdMGBTuWx0Nkppvo2Z/bAiQioW2n+GdRYKypME2b9OmYTw5tw5qDg==",
      "dev": true,
      "dependencies": {
        "firstline": "^1.2.0",
        "lodash": "^4.17.19"
      },
      "bin": {
        "find-elm-dependencies": "bin/cli.js"
      },
      "engines": {
        "node": ">=4.0.0"
      }
    },
    "node_modules/firstline": {
      "version": "1.3.1",
      "resolved": "https://registry.npmjs.org/firstline/-/firstline-1.3.1.tgz",
      "integrity": "sha512-ycwgqtoxujz1dm0kjkBFOPQMESxB9uKc/PlD951dQDIG+tBXRpYZC2UmJb0gDxopQ1ZX6oyRQN3goRczYu7Deg==",
      "dev": true,
      "engines": {
        "node": ">=6.4.0"
      }
    },
    "node_modules/fs.realpath": {
      "version": "1.0.0",
      "resolved": "https://registry.npmjs.org/fs.realpath/-/fs.realpath-1.0.0.tgz",
      "integrity": "sha1-FQStJSMVjKpA20onh8sBQRmU6k8=",
      "dev": true
    },
    "node_modules/fsevents": {
      "version": "2.3.2",
      "resolved": "https://registry.npmjs.org/fsevents/-/fsevents-2.3.2.tgz",
      "integrity": "sha512-xiqMQR4xAeHTuB9uWm+fFRcIOgKBMiOBP+eXiyT7jsgVCq1bkVygt00oASowB7EdtpOHaaPgKt812P9ab+DDKA==",
      "dev": true,
      "hasInstallScript": true,
      "optional": true,
      "os": [
        "darwin"
      ],
      "engines": {
        "node": "^8.16.0 || ^10.6.0 || >=11.0.0"
      }
    },
    "node_modules/function-bind": {
      "version": "1.1.1",
      "resolved": "https://registry.npmjs.org/function-bind/-/function-bind-1.1.1.tgz",
      "integrity": "sha512-yIovAzMX49sF8Yl58fSCWJ5svSLuaibPxXQJFLmBObTuCr0Mf1KiPopGM9NiFjiYBCbfaa2Fh6breQ6ANVTI0A==",
      "dev": true
    },
    "node_modules/glob": {
      "version": "7.1.6",
      "resolved": "https://registry.npmjs.org/glob/-/glob-7.1.6.tgz",
      "integrity": "sha512-LwaxwyZ72Lk7vZINtNNrywX0ZuLyStrdDtabefZKAY5ZGJhVtgdznluResxNmPitE0SAO+O26sWTHeKSI2wMBA==",
      "dev": true,
      "dependencies": {
        "fs.realpath": "^1.0.0",
        "inflight": "^1.0.4",
        "inherits": "2",
        "minimatch": "^3.0.4",
        "once": "^1.3.0",
        "path-is-absolute": "^1.0.0"
      },
      "engines": {
        "node": "*"
      },
      "funding": {
        "url": "https://github.com/sponsors/isaacs"
      }
    },
    "node_modules/has": {
      "version": "1.0.3",
      "resolved": "https://registry.npmjs.org/has/-/has-1.0.3.tgz",
      "integrity": "sha512-f2dvO0VU6Oej7RkWJGrehjbzMAjFp5/VKPp5tTpWIV4JHHZK1/BxbFRtf/siA2SWTe09caDmVtYYzWEIbBS4zw==",
      "dev": true,
      "dependencies": {
        "function-bind": "^1.1.1"
      },
      "engines": {
        "node": ">= 0.4.0"
      }
    },
    "node_modules/inflight": {
      "version": "1.0.6",
      "resolved": "https://registry.npmjs.org/inflight/-/inflight-1.0.6.tgz",
      "integrity": "sha1-Sb1jMdfQLQwJvJEKEHW6gWW1bfk=",
      "dev": true,
      "dependencies": {
        "once": "^1.3.0",
        "wrappy": "1"
      }
    },
    "node_modules/inherits": {
      "version": "2.0.4",
      "resolved": "https://registry.npmjs.org/inherits/-/inherits-2.0.4.tgz",
      "integrity": "sha512-k/vGaX4/Yla3WzyMCvTQOXYeIHvqOKtnqBduzTHpzpQZzAskKMhZ2K+EnBiSM9zGSoIFeMpXKxa4dYeZIQqewQ==",
      "dev": true
    },
    "node_modules/is-core-module": {
      "version": "2.8.1",
      "resolved": "https://registry.npmjs.org/is-core-module/-/is-core-module-2.8.1.tgz",
      "integrity": "sha512-SdNCUs284hr40hFTFP6l0IfZ/RSrMXF3qgoRHd3/79unUTvrFO/JoXwkGm+5J/Oe3E/b5GsnG330uUNgRpu1PA==",
      "dev": true,
      "dependencies": {
        "has": "^1.0.3"
      },
      "funding": {
        "url": "https://github.com/sponsors/ljharb"
      }
    },
    "node_modules/isexe": {
      "version": "2.0.0",
      "resolved": "https://registry.npmjs.org/isexe/-/isexe-2.0.0.tgz",
      "integrity": "sha1-6PvzdNxVb/iUehDcsFctYz8s+hA=",
      "dev": true
    },
    "node_modules/lodash": {
      "version": "4.17.21",
      "resolved": "https://registry.npmjs.org/lodash/-/lodash-4.17.21.tgz",
      "integrity": "sha512-v2kDEe57lecTulaDIuNTPy3Ry4gLGJ6Z1O3vE1krgXZNrsQ+LFTGHVxVjcXPs17LhbZVGedAJv8XZ1tvj5FvSg==",
      "dev": true
    },
    "node_modules/minimatch": {
      "version": "3.0.4",
      "resolved": "https://registry.npmjs.org/minimatch/-/minimatch-3.0.4.tgz",
      "integrity": "sha512-yJHVQEhyqPLUTgt9B83PXu6W3rx4MvvHvSUvToogpwoGDOUQ+yDrR0HRot+yOCdCO7u4hX3pWft6kWBBcqh0UA==",
      "dev": true,
      "dependencies": {
        "brace-expansion": "^1.1.7"
      },
      "engines": {
        "node": "*"
      }
    },
    "node_modules/minimist": {
      "version": "1.2.6",
      "resolved": "https://registry.npmjs.org/minimist/-/minimist-1.2.6.tgz",
      "integrity": "sha512-Jsjnk4bw3YJqYzbdyBiNsPWHPfO++UGG749Cxs6peCu5Xg4nrena6OVxOYxrQTqww0Jmwt+Ref8rggumkTLz9Q==",
      "dev": true
    },
    "node_modules/mkdirp": {
      "version": "0.5.5",
      "resolved": "https://registry.npmjs.org/mkdirp/-/mkdirp-0.5.5.tgz",
      "integrity": "sha512-NKmAlESf6jMGym1++R0Ra7wvhV+wFW63FaSOFPwRahvea0gMUcGUhVeAg/0BC0wiv9ih5NYPB1Wn1UEI1/L+xQ==",
      "dev": true,
      "dependencies": {
        "minimist": "^1.2.5"
      },
      "bin": {
        "mkdirp": "bin/cmd.js"
      }
    },
    "node_modules/nanoid": {
      "version": "3.3.2",
      "resolved": "https://registry.npmjs.org/nanoid/-/nanoid-3.3.2.tgz",
      "integrity": "sha512-CuHBogktKwpm5g2sRgv83jEy2ijFzBwMoYA60orPDR7ynsLijJDqgsi4RDGj3OJpy3Ieb+LYwiRmIOGyytgITA==",
      "dev": true,
      "bin": {
        "nanoid": "bin/nanoid.cjs"
      },
      "engines": {
        "node": "^10 || ^12 || ^13.7 || ^14 || >=15.0.1"
      }
    },
    "node_modules/nice-try": {
      "version": "1.0.5",
      "resolved": "https://registry.npmjs.org/nice-try/-/nice-try-1.0.5.tgz",
      "integrity": "sha512-1nh45deeb5olNY7eX82BkPO7SSxR5SSYJiPTrTdFUVYwAl8CKMA5N9PjTYkHiRjisVcxcQ1HXdLhx2qxxJzLNQ==",
      "dev": true
    },
    "node_modules/node-elm-compiler": {
      "version": "5.0.6",
      "resolved": "https://registry.npmjs.org/node-elm-compiler/-/node-elm-compiler-5.0.6.tgz",
      "integrity": "sha512-DWTRQR8b54rvschcZRREdsz7K84lnS8A6YJu8du3QLQ8f204SJbyTaA6NzYYbfUG97OTRKRv/0KZl82cTfpLhA==",
      "dev": true,
      "dependencies": {
        "cross-spawn": "6.0.5",
        "find-elm-dependencies": "^2.0.4",
        "lodash": "^4.17.19",
        "temp": "^0.9.0"
      },
      "engines": {
        "node": ">=4.0.0"
      }
    },
    "node_modules/once": {
      "version": "1.4.0",
      "resolved": "https://registry.npmjs.org/once/-/once-1.4.0.tgz",
      "integrity": "sha1-WDsap3WWHUsROsF9nFC6753Xa9E=",
      "dev": true,
      "dependencies": {
        "wrappy": "1"
      }
    },
    "node_modules/path-is-absolute": {
      "version": "1.0.1",
      "resolved": "https://registry.npmjs.org/path-is-absolute/-/path-is-absolute-1.0.1.tgz",
      "integrity": "sha1-F0uSaHNVNP+8es5r9TpanhtcX18=",
      "dev": true,
      "engines": {
        "node": ">=0.10.0"
      }
    },
    "node_modules/path-key": {
      "version": "2.0.1",
      "resolved": "https://registry.npmjs.org/path-key/-/path-key-2.0.1.tgz",
      "integrity": "sha1-QRyttXTFoUDTpLGRDUDYDMn0C0A=",
      "dev": true,
      "engines": {
        "node": ">=4"
      }
    },
    "node_modules/path-parse": {
      "version": "1.0.7",
      "resolved": "https://registry.npmjs.org/path-parse/-/path-parse-1.0.7.tgz",
      "integrity": "sha512-LDJzPVEEEPR+y48z93A0Ed0yXb8pAByGWo/k5YYdYgpY2/2EsOsksJrq7lOHxryrVOn1ejG6oAp8ahvOIQD8sw==",
      "dev": true
    },
    "node_modules/picocolors": {
      "version": "1.0.0",
      "resolved": "https://registry.npmjs.org/picocolors/-/picocolors-1.0.0.tgz",
      "integrity": "sha512-1fygroTLlHu66zi26VoTDv8yRgm0Fccecssto+MhsZ0D/DGW2sm8E8AjW7NU5VVTRt5GxbeZ5qBuJr+HyLYkjQ==",
      "dev": true
    },
    "node_modules/postcss": {
      "version": "8.4.12",
      "resolved": "https://registry.npmjs.org/postcss/-/postcss-8.4.12.tgz",
      "integrity": "sha512-lg6eITwYe9v6Hr5CncVbK70SoioNQIq81nsaG86ev5hAidQvmOeETBqs7jm43K2F5/Ley3ytDtriImV6TpNiSg==",
      "dev": true,
      "funding": [
        {
          "type": "opencollective",
          "url": "https://opencollective.com/postcss/"
        },
        {
          "type": "tidelift",
          "url": "https://tidelift.com/funding/github/npm/postcss"
        }
      ],
      "dependencies": {
        "nanoid": "^3.3.1",
        "picocolors": "^1.0.0",
        "source-map-js": "^1.0.2"
      },
      "engines": {
        "node": "^10 || ^12 || >=14"
      }
    },
    "node_modules/resolve": {
      "version": "1.22.0",
      "resolved": "https://registry.npmjs.org/resolve/-/resolve-1.22.0.tgz",
      "integrity": "sha512-Hhtrw0nLeSrFQ7phPp4OOcVjLPIeMnRlr5mcnVuMe7M/7eBn98A3hmFRLoFo3DLZkivSYwhRUJTyPyWAk56WLw==",
      "dev": true,
      "dependencies": {
        "is-core-module": "^2.8.1",
        "path-parse": "^1.0.7",
        "supports-preserve-symlinks-flag": "^1.0.0"
      },
      "bin": {
        "resolve": "bin/resolve"
      },
      "funding": {
        "url": "https://github.com/sponsors/ljharb"
      }
    },
    "node_modules/rimraf": {
      "version": "2.6.3",
      "resolved": "https://registry.npmjs.org/rimraf/-/rimraf-2.6.3.tgz",
      "integrity": "sha512-mwqeW5XsA2qAejG46gYdENaxXjx9onRNCfn7L0duuP4hCuTIi/QO7PDK07KJfp1d+izWPrzEJDcSqBa0OZQriA==",
      "dev": true,
      "dependencies": {
        "glob": "^7.1.3"
      },
      "bin": {
        "rimraf": "bin.js"
      }
    },
    "node_modules/rollup": {
      "version": "2.61.1",
      "resolved": "https://registry.npmjs.org/rollup/-/rollup-2.61.1.tgz",
      "integrity": "sha512-BbTXlEvB8d+XFbK/7E5doIcRtxWPRiqr0eb5vQ0+2paMM04Ye4PZY5nHOQef2ix24l/L0SpLd5hwcH15QHPdvA==",
      "dev": true,
      "bin": {
        "rollup": "dist/bin/rollup"
      },
      "engines": {
        "node": ">=10.0.0"
      },
      "optionalDependencies": {
        "fsevents": "~2.3.2"
      }
    },
    "node_modules/semver": {
      "version": "5.7.1",
      "resolved": "https://registry.npmjs.org/semver/-/semver-5.7.1.tgz",
      "integrity": "sha512-sauaDf/PZdVgrLTNYHRtpXa1iRiKcaebiKQ1BJdpQlWH2lCvexQdX55snPFyK7QzpudqbCI0qXFfOasHdyNDGQ==",
      "dev": true,
      "bin": {
        "semver": "bin/semver"
      }
    },
    "node_modules/shebang-command": {
      "version": "1.2.0",
      "resolved": "https://registry.npmjs.org/shebang-command/-/shebang-command-1.2.0.tgz",
      "integrity": "sha1-RKrGW2lbAzmJaMOfNj/uXer98eo=",
      "dev": true,
      "dependencies": {
        "shebang-regex": "^1.0.0"
      },
      "engines": {
        "node": ">=0.10.0"
      }
    },
    "node_modules/shebang-regex": {
      "version": "1.0.0",
      "resolved": "https://registry.npmjs.org/shebang-regex/-/shebang-regex-1.0.0.tgz",
      "integrity": "sha1-2kL0l0DAtC2yypcoVxyxkMmO/qM=",
      "dev": true,
      "engines": {
        "node": ">=0.10.0"
      }
    },
    "node_modules/source-map-js": {
      "version": "1.0.2",
      "resolved": "https://registry.npmjs.org/source-map-js/-/source-map-js-1.0.2.tgz",
      "integrity": "sha512-R0XvVJ9WusLiqTCEiGCmICCMplcCkIwwR11mOSD9CR5u+IXYdiseeEuXCVAjS54zqwkLcPNnmU4OeJ6tUrWhDw==",
      "dev": true,
      "engines": {
        "node": ">=0.10.0"
      }
    },
    "node_modules/supports-preserve-symlinks-flag": {
      "version": "1.0.0",
      "resolved": "https://registry.npmjs.org/supports-preserve-symlinks-flag/-/supports-preserve-symlinks-flag-1.0.0.tgz",
      "integrity": "sha512-ot0WnXS9fgdkgIcePe6RHNk1WA8+muPa6cSjeR3V8K27q9BB1rTE3R1p7Hv0z1ZyAc8s6Vvv8DIyWf681MAt0w==",
      "dev": true,
      "engines": {
        "node": ">= 0.4"
      },
      "funding": {
        "url": "https://github.com/sponsors/ljharb"
      }
    },
    "node_modules/temp": {
      "version": "0.9.4",
      "resolved": "https://registry.npmjs.org/temp/-/temp-0.9.4.tgz",
      "integrity": "sha512-yYrrsWnrXMcdsnu/7YMYAofM1ktpL5By7vZhf15CrXijWWrEYZks5AXBudalfSWJLlnen/QUJUB5aoB0kqZUGA==",
      "dev": true,
      "dependencies": {
        "mkdirp": "^0.5.1",
        "rimraf": "~2.6.2"
      },
      "engines": {
        "node": ">=6.0.0"
      }
    },
    "node_modules/vite": {
      "version": "2.9.0",
      "resolved": "https://registry.npmjs.org/vite/-/vite-2.9.0.tgz",
      "integrity": "sha512-5NAnNqzPmZzJvrswZGeTS2JHrBGIzIWJA2hBTTMYuoBVEMh0xwE0b5yyIXFxf7F07hrK4ugX2LJ7q6t7iIbd4Q==",
      "dev": true,
      "dependencies": {
        "esbuild": "^0.14.27",
        "postcss": "^8.4.12",
        "resolve": "^1.22.0",
        "rollup": "^2.59.0"
      },
      "bin": {
        "vite": "bin/vite.js"
      },
      "engines": {
        "node": ">=12.2.0"
      },
      "optionalDependencies": {
        "fsevents": "~2.3.2"
      },
      "peerDependencies": {
        "less": "*",
        "sass": "*",
        "stylus": "*"
      },
      "peerDependenciesMeta": {
        "less": {
          "optional": true
        },
        "sass": {
          "optional": true
        },
        "stylus": {
          "optional": true
        }
      }
    },
    "node_modules/vite-plugin-elm": {
      "version": "2.5.2",
      "resolved": "https://registry.npmjs.org/vite-plugin-elm/-/vite-plugin-elm-2.5.2.tgz",
      "integrity": "sha512-VbjUPEdXoKsppLrKKWbp0gSUm/c2luGjo4dVQZwQ0R7Drj4Il9U/fBvF9eJu4WEI7p2OkLqeLnOCSILKYPG4mQ==",
      "dev": true,
      "dependencies": {
        "elm-esm": "1.1.4",
        "node-elm-compiler": "5.0.6"
      },
      "peerDependencies": {
        "vite": "^2.0.0"
      }
    },
    "node_modules/which": {
      "version": "1.3.1",
      "resolved": "https://registry.npmjs.org/which/-/which-1.3.1.tgz",
      "integrity": "sha512-HxJdYWq1MTIQbJ3nw0cqssHoTNU267KlrDuGZ1WYlxDStUtKUhOaJmh112/TZmHxxUfuJqPXSOm7tDyas0OSIQ==",
      "dev": true,
      "dependencies": {
        "isexe": "^2.0.0"
      },
      "bin": {
        "which": "bin/which"
      }
    },
    "node_modules/wrappy": {
      "version": "1.0.2",
      "resolved": "https://registry.npmjs.org/wrappy/-/wrappy-1.0.2.tgz",
      "integrity": "sha1-tSQ9jz7BqjXxNkYFvA0QNuMKtp8=",
      "dev": true
    }
  },
  "dependencies": {
    "balanced-match": {
      "version": "1.0.2",
      "resolved": "https://registry.npmjs.org/balanced-match/-/balanced-match-1.0.2.tgz",
      "integrity": "sha512-3oSeUO0TMV67hN1AmbXsK4yaqU7tjiHlbxRDZOpH0KW9+CeX4bRAaX0Anxt0tx2MrpRpWwQaPwIlISEJhYU5Pw==",
      "dev": true
    },
    "brace-expansion": {
      "version": "1.1.11",
      "resolved": "https://registry.npmjs.org/brace-expansion/-/brace-expansion-1.1.11.tgz",
      "integrity": "sha512-iCuPHDFgrHX7H2vEI/5xpz07zSHB00TpugqhmYtVmMO6518mCuRMoOYFldEBl0g187ufozdaHgWKcYFb61qGiA==",
      "dev": true,
      "requires": {
        "balanced-match": "^1.0.0",
        "concat-map": "0.0.1"
      }
    },
    "concat-map": {
      "version": "0.0.1",
      "resolved": "https://registry.npmjs.org/concat-map/-/concat-map-0.0.1.tgz",
      "integrity": "sha1-2Klr13/Wjfd5OnMDajug1UBdR3s=",
      "dev": true
    },
    "cross-spawn": {
      "version": "6.0.5",
      "resolved": "https://registry.npmjs.org/cross-spawn/-/cross-spawn-6.0.5.tgz",
      "integrity": "sha512-eTVLrBSt7fjbDygz805pMnstIs2VTBNkRm0qxZd+M7A5XDdxVRWO5MxGBXZhjY4cqLYLdtrGqRf8mBPmzwSpWQ==",
      "dev": true,
      "requires": {
        "nice-try": "^1.0.4",
        "path-key": "^2.0.1",
        "semver": "^5.5.0",
        "shebang-command": "^1.2.0",
        "which": "^1.2.9"
      }
    },
    "elm-esm": {
      "version": "1.1.4",
      "resolved": "https://registry.npmjs.org/elm-esm/-/elm-esm-1.1.4.tgz",
      "integrity": "sha512-dGWDtgsdDrhn3GFl/uT6Yt5DIBgnvOmakLNl6brkoYqb7i8mQ/beHoR+emx3ux4M4sq3GpRfRvzMoiRHVcaWKw==",
      "dev": true,
      "requires": {
        "which": "^2.0.2"
      },
      "dependencies": {
        "which": {
          "version": "2.0.2",
          "resolved": "https://registry.npmjs.org/which/-/which-2.0.2.tgz",
          "integrity": "sha512-BLI3Tl1TW3Pvl70l3yq3Y64i+awpwXqsGBYWkkqMtnbXgrMD+yj7rhW0kuEDxzJaYXGjEW5ogapKNMEKNMjibA==",
          "dev": true,
          "requires": {
            "isexe": "^2.0.0"
          }
        }
      }
    },
    "elm-tooling": {
      "version": "1.7.0",
      "resolved": "https://registry.npmjs.org/elm-tooling/-/elm-tooling-1.7.0.tgz",
      "integrity": "sha512-EHZ54voWrG3BhUONbH/wFw5U95H6N7R4QFgXHDrPIaDBDdeyNkpFu4QWArSWkhzxyCF7hqT8ya2yy7SferDsgg==",
      "dev": true
    },
    "esbuild": {
      "version": "0.14.29",
      "resolved": "https://registry.npmjs.org/esbuild/-/esbuild-0.14.29.tgz",
      "integrity": "sha512-SQS8cO8xFEqevYlrHt6exIhK853Me4nZ4aMW6ieysInLa0FMAL+AKs87HYNRtR2YWRcEIqoXAHh+Ytt5/66qpg==",
      "dev": true,
      "requires": {
        "esbuild-android-64": "0.14.29",
        "esbuild-android-arm64": "0.14.29",
        "esbuild-darwin-64": "0.14.29",
        "esbuild-darwin-arm64": "0.14.29",
        "esbuild-freebsd-64": "0.14.29",
        "esbuild-freebsd-arm64": "0.14.29",
        "esbuild-linux-32": "0.14.29",
        "esbuild-linux-64": "0.14.29",
        "esbuild-linux-arm": "0.14.29",
        "esbuild-linux-arm64": "0.14.29",
        "esbuild-linux-mips64le": "0.14.29",
        "esbuild-linux-ppc64le": "0.14.29",
        "esbuild-linux-riscv64": "0.14.29",
        "esbuild-linux-s390x": "0.14.29",
        "esbuild-netbsd-64": "0.14.29",
        "esbuild-openbsd-64": "0.14.29",
        "esbuild-sunos-64": "0.14.29",
        "esbuild-windows-32": "0.14.29",
        "esbuild-windows-64": "0.14.29",
        "esbuild-windows-arm64": "0.14.29"
      }
    },
    "esbuild-android-64": {
      "version": "0.14.29",
      "resolved": "https://registry.npmjs.org/esbuild-android-64/-/esbuild-android-64-0.14.29.tgz",
      "integrity": "sha512-tJuaN33SVZyiHxRaVTo1pwW+rn3qetJX/SRuc/83rrKYtyZG0XfsQ1ao1nEudIt9w37ZSNXR236xEfm2C43sbw==",
      "dev": true,
      "optional": true
    },
    "esbuild-android-arm64": {
      "version": "0.14.29",
      "resolved": "https://registry.npmjs.org/esbuild-android-arm64/-/esbuild-android-arm64-0.14.29.tgz",
      "integrity": "sha512-D74dCv6yYnMTlofVy1JKiLM5JdVSQd60/rQfJSDP9qvRAI0laPXIG/IXY1RG6jobmFMUfL38PbFnCqyI/6fPXg==",
      "dev": true,
      "optional": true
    },
    "esbuild-darwin-64": {
      "version": "0.14.29",
      "resolved": "https://registry.npmjs.org/esbuild-darwin-64/-/esbuild-darwin-64-0.14.29.tgz",
      "integrity": "sha512-+CJaRvfTkzs9t+CjGa0Oa28WoXa7EeLutQhxus+fFcu0MHhsBhlmeWHac3Cc/Sf/xPi1b2ccDFfzGYJCfV0RrA==",
      "dev": true,
      "optional": true
    },
    "esbuild-darwin-arm64": {
      "version": "0.14.29",
      "resolved": "https://registry.npmjs.org/esbuild-darwin-arm64/-/esbuild-darwin-arm64-0.14.29.tgz",
      "integrity": "sha512-5Wgz/+zK+8X2ZW7vIbwoZ613Vfr4A8HmIs1XdzRmdC1kG0n5EG5fvKk/jUxhNlrYPx1gSY7XadQ3l4xAManPSw==",
      "dev": true,
      "optional": true
    },
    "esbuild-freebsd-64": {
      "version": "0.14.29",
      "resolved": "https://registry.npmjs.org/esbuild-freebsd-64/-/esbuild-freebsd-64-0.14.29.tgz",
      "integrity": "sha512-VTfS7Bm9QA12JK1YXF8+WyYOfvD7WMpbArtDj6bGJ5Sy5xp01c/q70Arkn596aGcGj0TvQRplaaCIrfBG1Wdtg==",
      "dev": true,
      "optional": true
    },
    "esbuild-freebsd-arm64": {
      "version": "0.14.29",
      "resolved": "https://registry.npmjs.org/esbuild-freebsd-arm64/-/esbuild-freebsd-arm64-0.14.29.tgz",
      "integrity": "sha512-WP5L4ejwLWWvd3Fo2J5mlXvG3zQHaw5N1KxFGnUc4+2ZFZknP0ST63i0IQhpJLgEJwnQpXv2uZlU1iWZjFqEIg==",
      "dev": true,
      "optional": true
    },
    "esbuild-linux-32": {
      "version": "0.14.29",
      "resolved": "https://registry.npmjs.org/esbuild-linux-32/-/esbuild-linux-32-0.14.29.tgz",
      "integrity": "sha512-4myeOvFmQBWdI2U1dEBe2DCSpaZyjdQtmjUY11Zu2eQg4ynqLb8Y5mNjNU9UN063aVsCYYfbs8jbken/PjyidA==",
      "dev": true,
      "optional": true
    },
    "esbuild-linux-64": {
      "version": "0.14.29",
      "resolved": "https://registry.npmjs.org/esbuild-linux-64/-/esbuild-linux-64-0.14.29.tgz",
      "integrity": "sha512-iaEuLhssReAKE7HMwxwFJFn7D/EXEs43fFy5CJeA4DGmU6JHh0qVJD2p/UP46DvUXLRKXsXw0i+kv5TdJ1w5pg==",
      "dev": true,
      "optional": true
    },
    "esbuild-linux-arm": {
      "version": "0.14.29",
      "resolved": "https://registry.npmjs.org/esbuild-linux-arm/-/esbuild-linux-arm-0.14.29.tgz",
      "integrity": "sha512-OXa9D9QL1hwrAnYYAHt/cXAuSCmoSqYfTW/0CEY0LgJNyTxJKtqc5mlwjAZAvgyjmha0auS/sQ0bXfGf2wAokQ==",
      "dev": true,
      "optional": true
    },
    "esbuild-linux-arm64": {
      "version": "0.14.29",
      "resolved": "https://registry.npmjs.org/esbuild-linux-arm64/-/esbuild-linux-arm64-0.14.29.tgz",
      "integrity": "sha512-KYf7s8wDfUy+kjKymW3twyGT14OABjGHRkm9gPJ0z4BuvqljfOOUbq9qT3JYFnZJHOgkr29atT//hcdD0Pi7Mw==",
      "dev": true,
      "optional": true
    },
    "esbuild-linux-mips64le": {
      "version": "0.14.29",
      "resolved": "https://registry.npmjs.org/esbuild-linux-mips64le/-/esbuild-linux-mips64le-0.14.29.tgz",
      "integrity": "sha512-05jPtWQMsZ1aMGfHOvnR5KrTvigPbU35BtuItSSWLI2sJu5VrM8Pr9Owym4wPvA4153DFcOJ1EPN/2ujcDt54g==",
      "dev": true,
      "optional": true
    },
    "esbuild-linux-ppc64le": {
      "version": "0.14.29",
      "resolved": "https://registry.npmjs.org/esbuild-linux-ppc64le/-/esbuild-linux-ppc64le-0.14.29.tgz",
      "integrity": "sha512-FYhBqn4Ir9xG+f6B5VIQVbRuM4S6qwy29dDNYFPoxLRnwTEKToIYIUESN1qHyUmIbfO0YB4phG2JDV2JDN9Kgw==",
      "dev": true,
      "optional": true
    },
    "esbuild-linux-riscv64": {
      "version": "0.14.29",
      "resolved": "https://registry.npmjs.org/esbuild-linux-riscv64/-/esbuild-linux-riscv64-0.14.29.tgz",
      "integrity": "sha512-eqZMqPehkb4nZcffnuOpXJQdGURGd6GXQ4ZsDHSWyIUaA+V4FpMBe+5zMPtXRD2N4BtyzVvnBko6K8IWWr36ew==",
      "dev": true,
      "optional": true
    },
    "esbuild-linux-s390x": {
      "version": "0.14.29",
      "resolved": "https://registry.npmjs.org/esbuild-linux-s390x/-/esbuild-linux-s390x-0.14.29.tgz",
      "integrity": "sha512-o7EYajF1rC/4ho7kpSG3gENVx0o2SsHm7cJ5fvewWB/TEczWU7teDgusGSujxCYcMottE3zqa423VTglNTYhjg==",
      "dev": true,
      "optional": true
    },
    "esbuild-netbsd-64": {
      "version": "0.14.29",
      "resolved": "https://registry.npmjs.org/esbuild-netbsd-64/-/esbuild-netbsd-64-0.14.29.tgz",
      "integrity": "sha512-/esN6tb6OBSot6+JxgeOZeBk6P8V/WdR3GKBFeFpSqhgw4wx7xWUqPrdx4XNpBVO7X4Ipw9SAqgBrWHlXfddww==",
      "dev": true,
      "optional": true
    },
    "esbuild-openbsd-64": {
      "version": "0.14.29",
      "resolved": "https://registry.npmjs.org/esbuild-openbsd-64/-/esbuild-openbsd-64-0.14.29.tgz",
      "integrity": "sha512-jUTdDzhEKrD0pLpjmk0UxwlfNJNg/D50vdwhrVcW/D26Vg0hVbthMfb19PJMatzclbK7cmgk1Nu0eNS+abzoHw==",
      "dev": true,
      "optional": true
    },
    "esbuild-sunos-64": {
      "version": "0.14.29",
      "resolved": "https://registry.npmjs.org/esbuild-sunos-64/-/esbuild-sunos-64-0.14.29.tgz",
      "integrity": "sha512-EfhQN/XO+TBHTbkxwsxwA7EfiTHFe+MNDfxcf0nj97moCppD9JHPq48MLtOaDcuvrTYOcrMdJVeqmmeQ7doTcg==",
      "dev": true,
      "optional": true
    },
    "esbuild-windows-32": {
      "version": "0.14.29",
      "resolved": "https://registry.npmjs.org/esbuild-windows-32/-/esbuild-windows-32-0.14.29.tgz",
      "integrity": "sha512-uoyb0YAJ6uWH4PYuYjfGNjvgLlb5t6b3zIaGmpWPOjgpr1Nb3SJtQiK4YCPGhONgfg2v6DcJgSbOteuKXhwqAw==",
      "dev": true,
      "optional": true
    },
    "esbuild-windows-64": {
      "version": "0.14.29",
      "resolved": "https://registry.npmjs.org/esbuild-windows-64/-/esbuild-windows-64-0.14.29.tgz",
      "integrity": "sha512-X9cW/Wl95QjsH8WUyr3NqbmfdU72jCp71cH3pwPvI4CgBM2IeOUDdbt6oIGljPu2bf5eGDIo8K3Y3vvXCCTd8A==",
      "dev": true,
      "optional": true
    },
    "esbuild-windows-arm64": {
      "version": "0.14.29",
      "resolved": "https://registry.npmjs.org/esbuild-windows-arm64/-/esbuild-windows-arm64-0.14.29.tgz",
      "integrity": "sha512-+O/PI+68fbUZPpl3eXhqGHTGK7DjLcexNnyJqtLZXOFwoAjaXlS5UBCvVcR3o2va+AqZTj8o6URaz8D2K+yfQQ==",
      "dev": true,
      "optional": true
    },
    "find-elm-dependencies": {
      "version": "2.0.4",
      "resolved": "https://registry.npmjs.org/find-elm-dependencies/-/find-elm-dependencies-2.0.4.tgz",
      "integrity": "sha512-x/4w4fVmlD2X4PD9oQ+yh9EyaQef6OtEULdMGBTuWx0Nkppvo2Z/bAiQioW2n+GdRYKypME2b9OmYTw5tw5qDg==",
      "dev": true,
      "requires": {
        "firstline": "^1.2.0",
        "lodash": "^4.17.19"
      }
    },
    "firstline": {
      "version": "1.3.1",
      "resolved": "https://registry.npmjs.org/firstline/-/firstline-1.3.1.tgz",
      "integrity": "sha512-ycwgqtoxujz1dm0kjkBFOPQMESxB9uKc/PlD951dQDIG+tBXRpYZC2UmJb0gDxopQ1ZX6oyRQN3goRczYu7Deg==",
      "dev": true
    },
    "fs.realpath": {
      "version": "1.0.0",
      "resolved": "https://registry.npmjs.org/fs.realpath/-/fs.realpath-1.0.0.tgz",
      "integrity": "sha1-FQStJSMVjKpA20onh8sBQRmU6k8=",
      "dev": true
    },
    "fsevents": {
      "version": "2.3.2",
      "resolved": "https://registry.npmjs.org/fsevents/-/fsevents-2.3.2.tgz",
      "integrity": "sha512-xiqMQR4xAeHTuB9uWm+fFRcIOgKBMiOBP+eXiyT7jsgVCq1bkVygt00oASowB7EdtpOHaaPgKt812P9ab+DDKA==",
      "dev": true,
      "optional": true
    },
    "function-bind": {
      "version": "1.1.1",
      "resolved": "https://registry.npmjs.org/function-bind/-/function-bind-1.1.1.tgz",
      "integrity": "sha512-yIovAzMX49sF8Yl58fSCWJ5svSLuaibPxXQJFLmBObTuCr0Mf1KiPopGM9NiFjiYBCbfaa2Fh6breQ6ANVTI0A==",
      "dev": true
    },
    "glob": {
      "version": "7.1.6",
      "resolved": "https://registry.npmjs.org/glob/-/glob-7.1.6.tgz",
      "integrity": "sha512-LwaxwyZ72Lk7vZINtNNrywX0ZuLyStrdDtabefZKAY5ZGJhVtgdznluResxNmPitE0SAO+O26sWTHeKSI2wMBA==",
      "dev": true,
      "requires": {
        "fs.realpath": "^1.0.0",
        "inflight": "^1.0.4",
        "inherits": "2",
        "minimatch": "^3.0.4",
        "once": "^1.3.0",
        "path-is-absolute": "^1.0.0"
      }
    },
    "has": {
      "version": "1.0.3",
      "resolved": "https://registry.npmjs.org/has/-/has-1.0.3.tgz",
      "integrity": "sha512-f2dvO0VU6Oej7RkWJGrehjbzMAjFp5/VKPp5tTpWIV4JHHZK1/BxbFRtf/siA2SWTe09caDmVtYYzWEIbBS4zw==",
      "dev": true,
      "requires": {
        "function-bind": "^1.1.1"
      }
    },
    "inflight": {
      "version": "1.0.6",
      "resolved": "https://registry.npmjs.org/inflight/-/inflight-1.0.6.tgz",
      "integrity": "sha1-Sb1jMdfQLQwJvJEKEHW6gWW1bfk=",
      "dev": true,
      "requires": {
        "once": "^1.3.0",
        "wrappy": "1"
      }
    },
    "inherits": {
      "version": "2.0.4",
      "resolved": "https://registry.npmjs.org/inherits/-/inherits-2.0.4.tgz",
      "integrity": "sha512-k/vGaX4/Yla3WzyMCvTQOXYeIHvqOKtnqBduzTHpzpQZzAskKMhZ2K+EnBiSM9zGSoIFeMpXKxa4dYeZIQqewQ==",
      "dev": true
    },
    "is-core-module": {
      "version": "2.8.1",
      "resolved": "https://registry.npmjs.org/is-core-module/-/is-core-module-2.8.1.tgz",
      "integrity": "sha512-SdNCUs284hr40hFTFP6l0IfZ/RSrMXF3qgoRHd3/79unUTvrFO/JoXwkGm+5J/Oe3E/b5GsnG330uUNgRpu1PA==",
      "dev": true,
      "requires": {
        "has": "^1.0.3"
      }
    },
    "isexe": {
      "version": "2.0.0",
      "resolved": "https://registry.npmjs.org/isexe/-/isexe-2.0.0.tgz",
      "integrity": "sha1-6PvzdNxVb/iUehDcsFctYz8s+hA=",
      "dev": true
    },
    "lodash": {
      "version": "4.17.21",
      "resolved": "https://registry.npmjs.org/lodash/-/lodash-4.17.21.tgz",
      "integrity": "sha512-v2kDEe57lecTulaDIuNTPy3Ry4gLGJ6Z1O3vE1krgXZNrsQ+LFTGHVxVjcXPs17LhbZVGedAJv8XZ1tvj5FvSg==",
      "dev": true
    },
    "minimatch": {
      "version": "3.0.4",
      "resolved": "https://registry.npmjs.org/minimatch/-/minimatch-3.0.4.tgz",
      "integrity": "sha512-yJHVQEhyqPLUTgt9B83PXu6W3rx4MvvHvSUvToogpwoGDOUQ+yDrR0HRot+yOCdCO7u4hX3pWft6kWBBcqh0UA==",
      "dev": true,
      "requires": {
        "brace-expansion": "^1.1.7"
      }
    },
    "minimist": {
      "version": "1.2.6",
      "resolved": "https://registry.npmjs.org/minimist/-/minimist-1.2.6.tgz",
      "integrity": "sha512-Jsjnk4bw3YJqYzbdyBiNsPWHPfO++UGG749Cxs6peCu5Xg4nrena6OVxOYxrQTqww0Jmwt+Ref8rggumkTLz9Q==",
      "dev": true
    },
    "mkdirp": {
      "version": "0.5.5",
      "resolved": "https://registry.npmjs.org/mkdirp/-/mkdirp-0.5.5.tgz",
      "integrity": "sha512-NKmAlESf6jMGym1++R0Ra7wvhV+wFW63FaSOFPwRahvea0gMUcGUhVeAg/0BC0wiv9ih5NYPB1Wn1UEI1/L+xQ==",
      "dev": true,
      "requires": {
        "minimist": "^1.2.5"
      }
    },
    "nanoid": {
      "version": "3.3.2",
      "resolved": "https://registry.npmjs.org/nanoid/-/nanoid-3.3.2.tgz",
      "integrity": "sha512-CuHBogktKwpm5g2sRgv83jEy2ijFzBwMoYA60orPDR7ynsLijJDqgsi4RDGj3OJpy3Ieb+LYwiRmIOGyytgITA==",
      "dev": true
    },
    "nice-try": {
      "version": "1.0.5",
      "resolved": "https://registry.npmjs.org/nice-try/-/nice-try-1.0.5.tgz",
      "integrity": "sha512-1nh45deeb5olNY7eX82BkPO7SSxR5SSYJiPTrTdFUVYwAl8CKMA5N9PjTYkHiRjisVcxcQ1HXdLhx2qxxJzLNQ==",
      "dev": true
    },
    "node-elm-compiler": {
      "version": "5.0.6",
      "resolved": "https://registry.npmjs.org/node-elm-compiler/-/node-elm-compiler-5.0.6.tgz",
      "integrity": "sha512-DWTRQR8b54rvschcZRREdsz7K84lnS8A6YJu8du3QLQ8f204SJbyTaA6NzYYbfUG97OTRKRv/0KZl82cTfpLhA==",
      "dev": true,
      "requires": {
        "cross-spawn": "6.0.5",
        "find-elm-dependencies": "^2.0.4",
        "lodash": "^4.17.19",
        "temp": "^0.9.0"
      }
    },
    "once": {
      "version": "1.4.0",
      "resolved": "https://registry.npmjs.org/once/-/once-1.4.0.tgz",
      "integrity": "sha1-WDsap3WWHUsROsF9nFC6753Xa9E=",
      "dev": true,
      "requires": {
        "wrappy": "1"
      }
    },
    "path-is-absolute": {
      "version": "1.0.1",
      "resolved": "https://registry.npmjs.org/path-is-absolute/-/path-is-absolute-1.0.1.tgz",
      "integrity": "sha1-F0uSaHNVNP+8es5r9TpanhtcX18=",
      "dev": true
    },
    "path-key": {
      "version": "2.0.1",
      "resolved": "https://registry.npmjs.org/path-key/-/path-key-2.0.1.tgz",
      "integrity": "sha1-QRyttXTFoUDTpLGRDUDYDMn0C0A=",
      "dev": true
    },
    "path-parse": {
      "version": "1.0.7",
      "resolved": "https://registry.npmjs.org/path-parse/-/path-parse-1.0.7.tgz",
      "integrity": "sha512-LDJzPVEEEPR+y48z93A0Ed0yXb8pAByGWo/k5YYdYgpY2/2EsOsksJrq7lOHxryrVOn1ejG6oAp8ahvOIQD8sw==",
      "dev": true
    },
    "picocolors": {
      "version": "1.0.0",
      "resolved": "https://registry.npmjs.org/picocolors/-/picocolors-1.0.0.tgz",
      "integrity": "sha512-1fygroTLlHu66zi26VoTDv8yRgm0Fccecssto+MhsZ0D/DGW2sm8E8AjW7NU5VVTRt5GxbeZ5qBuJr+HyLYkjQ==",
      "dev": true
    },
    "postcss": {
      "version": "8.4.12",
      "resolved": "https://registry.npmjs.org/postcss/-/postcss-8.4.12.tgz",
      "integrity": "sha512-lg6eITwYe9v6Hr5CncVbK70SoioNQIq81nsaG86ev5hAidQvmOeETBqs7jm43K2F5/Ley3ytDtriImV6TpNiSg==",
      "dev": true,
      "requires": {
        "nanoid": "^3.3.1",
        "picocolors": "^1.0.0",
        "source-map-js": "^1.0.2"
      }
    },
    "resolve": {
      "version": "1.22.0",
      "resolved": "https://registry.npmjs.org/resolve/-/resolve-1.22.0.tgz",
      "integrity": "sha512-Hhtrw0nLeSrFQ7phPp4OOcVjLPIeMnRlr5mcnVuMe7M/7eBn98A3hmFRLoFo3DLZkivSYwhRUJTyPyWAk56WLw==",
      "dev": true,
      "requires": {
        "is-core-module": "^2.8.1",
        "path-parse": "^1.0.7",
        "supports-preserve-symlinks-flag": "^1.0.0"
      }
    },
    "rimraf": {
      "version": "2.6.3",
      "resolved": "https://registry.npmjs.org/rimraf/-/rimraf-2.6.3.tgz",
      "integrity": "sha512-mwqeW5XsA2qAejG46gYdENaxXjx9onRNCfn7L0duuP4hCuTIi/QO7PDK07KJfp1d+izWPrzEJDcSqBa0OZQriA==",
      "dev": true,
      "requires": {
        "glob": "^7.1.3"
      }
    },
    "rollup": {
      "version": "2.61.1",
      "resolved": "https://registry.npmjs.org/rollup/-/rollup-2.61.1.tgz",
      "integrity": "sha512-BbTXlEvB8d+XFbK/7E5doIcRtxWPRiqr0eb5vQ0+2paMM04Ye4PZY5nHOQef2ix24l/L0SpLd5hwcH15QHPdvA==",
      "dev": true,
      "requires": {
        "fsevents": "~2.3.2"
      }
    },
    "semver": {
      "version": "5.7.1",
      "resolved": "https://registry.npmjs.org/semver/-/semver-5.7.1.tgz",
      "integrity": "sha512-sauaDf/PZdVgrLTNYHRtpXa1iRiKcaebiKQ1BJdpQlWH2lCvexQdX55snPFyK7QzpudqbCI0qXFfOasHdyNDGQ==",
      "dev": true
    },
    "shebang-command": {
      "version": "1.2.0",
      "resolved": "https://registry.npmjs.org/shebang-command/-/shebang-command-1.2.0.tgz",
      "integrity": "sha1-RKrGW2lbAzmJaMOfNj/uXer98eo=",
      "dev": true,
      "requires": {
        "shebang-regex": "^1.0.0"
      }
    },
    "shebang-regex": {
      "version": "1.0.0",
      "resolved": "https://registry.npmjs.org/shebang-regex/-/shebang-regex-1.0.0.tgz",
      "integrity": "sha1-2kL0l0DAtC2yypcoVxyxkMmO/qM=",
      "dev": true
    },
    "source-map-js": {
      "version": "1.0.2",
      "resolved": "https://registry.npmjs.org/source-map-js/-/source-map-js-1.0.2.tgz",
      "integrity": "sha512-R0XvVJ9WusLiqTCEiGCmICCMplcCkIwwR11mOSD9CR5u+IXYdiseeEuXCVAjS54zqwkLcPNnmU4OeJ6tUrWhDw==",
      "dev": true
    },
    "supports-preserve-symlinks-flag": {
      "version": "1.0.0",
      "resolved": "https://registry.npmjs.org/supports-preserve-symlinks-flag/-/supports-preserve-symlinks-flag-1.0.0.tgz",
      "integrity": "sha512-ot0WnXS9fgdkgIcePe6RHNk1WA8+muPa6cSjeR3V8K27q9BB1rTE3R1p7Hv0z1ZyAc8s6Vvv8DIyWf681MAt0w==",
      "dev": true
    },
    "temp": {
      "version": "0.9.4",
      "resolved": "https://registry.npmjs.org/temp/-/temp-0.9.4.tgz",
      "integrity": "sha512-yYrrsWnrXMcdsnu/7YMYAofM1ktpL5By7vZhf15CrXijWWrEYZks5AXBudalfSWJLlnen/QUJUB5aoB0kqZUGA==",
      "dev": true,
      "requires": {
        "mkdirp": "^0.5.1",
        "rimraf": "~2.6.2"
      }
    },
    "vite": {
      "version": "2.9.0",
      "resolved": "https://registry.npmjs.org/vite/-/vite-2.9.0.tgz",
      "integrity": "sha512-5NAnNqzPmZzJvrswZGeTS2JHrBGIzIWJA2hBTTMYuoBVEMh0xwE0b5yyIXFxf7F07hrK4ugX2LJ7q6t7iIbd4Q==",
      "dev": true,
      "requires": {
        "esbuild": "^0.14.27",
        "fsevents": "~2.3.2",
        "postcss": "^8.4.12",
        "resolve": "^1.22.0",
        "rollup": "^2.59.0"
      }
    },
    "vite-plugin-elm": {
      "version": "2.5.2",
      "resolved": "https://registry.npmjs.org/vite-plugin-elm/-/vite-plugin-elm-2.5.2.tgz",
      "integrity": "sha512-VbjUPEdXoKsppLrKKWbp0gSUm/c2luGjo4dVQZwQ0R7Drj4Il9U/fBvF9eJu4WEI7p2OkLqeLnOCSILKYPG4mQ==",
      "dev": true,
      "requires": {
        "elm-esm": "1.1.4",
        "node-elm-compiler": "5.0.6"
      }
    },
    "which": {
      "version": "1.3.1",
      "resolved": "https://registry.npmjs.org/which/-/which-1.3.1.tgz",
      "integrity": "sha512-HxJdYWq1MTIQbJ3nw0cqssHoTNU267KlrDuGZ1WYlxDStUtKUhOaJmh112/TZmHxxUfuJqPXSOm7tDyas0OSIQ==",
      "dev": true,
      "requires": {
        "isexe": "^2.0.0"
      }
    },
    "wrappy": {
      "version": "1.0.2",
      "resolved": "https://registry.npmjs.org/wrappy/-/wrappy-1.0.2.tgz",
      "integrity": "sha1-tSQ9jz7BqjXxNkYFvA0QNuMKtp8=",
      "dev": true
    }
  }
}
